
Microsoft Visual Studio Solution File, Format Version 12.00
# Visual Studio Version 16
VisualStudioVersion = 16.0.32126.315
MinimumVisualStudioVersion = 10.0.40219.1
Project("{159641D6-6404-4A2A-AE62-294DE0FE8301}") = "XML Reading", "XML Reading\XML Reading.dtproj", "{6884F75F-71B0-40B1-9BDF-06530974888E}"
EndProject
Global
	GlobalSection(SolutionConfigurationPlatforms) = preSolution
		Development|Default = Development|Default
	EndGlobalSection
	GlobalSection(ProjectConfigurationPlatforms) = postSolution
		{6884F75F-71B0-40B1-9BDF-06530974888E}.Development|Default.ActiveCfg = Development
		{6884F75F-71B0-40B1-9BDF-06530974888E}.Development|Default.Build.0 = Development
	EndGlobalSection
	GlobalSection(SolutionProperties) = preSolution
		HideSolutionNode = FALSE
	EndGlobalSection
	GlobalSection(ExtensibilityGlobals) = postSolution
		SolutionGuid = {144B5E05-8A76-45FA-A227-1B52A90676DF}
	EndGlobalSection
EndGlobal
